
Microsoft Visual Studio Solution File, Format Version 12.00
# Visual Studio 15
VisualStudioVersion = 15.0.28307.136
MinimumVisualStudioVersion = 10.0.40219.1
Project("{9A19103F-16F7-4668-BE54-9A1E7A4F7556}") = "UnityExtras.Converters", "UnityExtras.Converters\UnityExtras.Converters.csproj", "{FC77DCA9-8A18-4F5E-9D4D-FE92BC0515AC}"
EndProject
Project("{FAE04EC0-301F-11D3-BF4B-00C04F79EFBC}") = "UnityExtras.Converters.Tests", "UnityExtras.Converters.Tests\UnityExtras.Converters.Tests.csproj", "{483CD783-242F-4EFF-9752-42CD035DBBE6}"
EndProject
Global
	GlobalSection(SolutionConfigurationPlatforms) = preSolution
		Debug|Any CPU = Debug|Any CPU
		Release|Any CPU = Release|Any CPU
	EndGlobalSection
	GlobalSection(ProjectConfigurationPlatforms) = postSolution
		{FC77DCA9-8A18-4F5E-9D4D-FE92BC0515AC}.Debug|Any CPU.ActiveCfg = Debug|Any CPU
		{FC77DCA9-8A18-4F5E-9D4D-FE92BC0515AC}.Debug|Any CPU.Build.0 = Debug|Any CPU
		{FC77DCA9-8A18-4F5E-9D4D-FE92BC0515AC}.Release|Any CPU.ActiveCfg = Release|Any CPU
		{FC77DCA9-8A18-4F5E-9D4D-FE92BC0515AC}.Release|Any CPU.Build.0 = Release|Any CPU
		{483CD783-242F-4EFF-9752-42CD035DBBE6}.Debug|Any CPU.ActiveCfg = Debug|Any CPU
		{483CD783-242F-4EFF-9752-42CD035DBBE6}.Debug|Any CPU.Build.0 = Debug|Any CPU
		{483CD783-242F-4EFF-9752-42CD035DBBE6}.Release|Any CPU.ActiveCfg = Release|Any CPU
		{483CD783-242F-4EFF-9752-42CD035DBBE6}.Release|Any CPU.Build.0 = Release|Any CPU
	EndGlobalSection
	GlobalSection(SolutionProperties) = preSolution
		HideSolutionNode = FALSE
	EndGlobalSection
	GlobalSection(ExtensibilityGlobals) = postSolution
		SolutionGuid = {D6A81F4E-6E11-496B-9118-1829158BC23A}
	EndGlobalSection
EndGlobal
